<?xml version="1.0" encoding="UTF-8"?>
<CONFIG>
  <ProjectOptions>
    <Version Value="9"/>
    <PathDelim Value="\"/>
    <General>
      <SessionStorage Value="InProjectDir"/>
      <MainUnit Value="0"/>
      <Title Value="Geep Jeez!"/>
      <ResourceType Value="res"/>
      <UseXPManifest Value="True"/>
      <Icon Value="0"/>
    </General>
    <i18n>
      <EnableI18N LFM="False"/>
    </i18n>
    <VersionInfo>
      <UseVersionInfo Value="True"/>
      <AutoIncrementBuild Value="True"/>
      <MajorVersionNr Value="1"/>
      <MinorVersionNr Value="8"/>
      <BuildNr Value="86"/>
      <StringTable Comments="Jesusonic Editor + Jes2Cpp Transpiler" CompanyName="Geep Software" FileDescription="The Easy Way to Create Audio Plugins" InternalName="Geep Jeez!" LegalCopyright="Copyright (C) 2015 Derek John Evans" LegalTrademarks="Copyright (C) 2015 Derek John Evans" OriginalFilename="Jeez!.exe" ProductName="Geep Jeez!" ProductVersion="v1.8"/>
    </VersionInfo>
    <BuildModes Count="1">
      <Item1 Name="Default" Default="True"/>
    </BuildModes>
    <PublishOptions>
      <Version Value="2"/>
    </PublishOptions>
    <RunParams>
      <local>
        <FormatVersion Value="1"/>
      </local>
    </RunParams>
    <RequiredPackages Count="4">
      <Item1>
        <PackageName Value="LazControls"/>
      </Item1>
      <Item2>
        <PackageName Value="FCL"/>
      </Item2>
      <Item3>
        <PackageName Value="SynEdit"/>
      </Item3>
      <Item4>
        <PackageName Value="LCL"/>
      </Item4>
    </RequiredPackages>
    <Units Count="50">
      <Unit0>
        <Filename Value="project.lpr"/>
        <IsPartOfProject Value="True"/>
      </Unit0>
      <Unit1>
        <Filename Value="forms\ujeezeditor.pas"/>
        <IsPartOfProject Value="True"/>
        <ComponentName Value="JeezEditor"/>
        <HasResources Value="True"/>
        <ResourceBaseClass Value="Frame"/>
      </Unit1>
      <Unit2>
        <Filename Value="forms\ujeezoptions.pas"/>
        <IsPartOfProject Value="True"/>
        <ComponentName Value="JeezOptions"/>
        <HasResources Value="True"/>
        <ResourceBaseClass Value="Form"/>
      </Unit2>
      <Unit3>
        <Filename Value="utils\jeezutils.pas"/>
        <IsPartOfProject Value="True"/>
      </Unit3>
      <Unit4>
        <Filename Value="..\jes2cpp\j2c.base\jes2cppconstants.pas"/>
        <IsPartOfProject Value="True"/>
        <UnitName Value="Jes2CppConstants"/>
      </Unit4>
      <Unit5>
        <Filename Value="..\jes2cpp\j2c.base\jes2cpputils.pas"/>
        <IsPartOfProject Value="True"/>
      </Unit5>
      <Unit6>
        <Filename Value="..\jes2cpp\jes2cpp.pas"/>
        <IsPartOfProject Value="True"/>
      </Unit6>
      <Unit7>
        <Filename Value="..\jes2cpp\j2c.components\jes2cppdescription.pas"/>
        <IsPartOfProject Value="True"/>
      </Unit7>
      <Unit8>
        <Filename Value="..\jes2cpp\j2c.base\jes2cppeat.pas"/>
        <IsPartOfProject Value="True"/>
      </Unit8>
      <Unit9>
        <Filename Value="..\jes2cpp\j2c.components\jes2cppfunction.pas"/>
        <IsPartOfProject Value="True"/>
      </Unit9>
      <Unit10>
        <Filename Value="..\jes2cpp\j2c.components\jes2cpploop.pas"/>
        <IsPartOfProject Value="True"/>
      </Unit10>
      <Unit11>
        <Filename Value="..\jes2cpp\j2c.components\jes2cppidentifier.pas"/>
        <IsPartOfProject Value="True"/>
      </Unit11>
      <Unit12>
        <Filename Value="forms\ujeezbuild.pas"/>
        <IsPartOfProject Value="True"/>
        <ComponentName Value="JeezBuild"/>
        <HasResources Value="True"/>
        <ResourceBaseClass Value="Form"/>
      </Unit12>
      <Unit13>
        <Filename Value="..\jes2cpp\j2c.components\jes2cppreference.pas"/>
        <IsPartOfProject Value="True"/>
      </Unit13>
      <Unit14>
        <Filename Value="..\jes2cpp\j2c.components\jes2cppvariable.pas"/>
        <IsPartOfProject Value="True"/>
      </Unit14>
      <Unit15>
        <Filename Value="..\jes2cpp\j2c.components\jes2cppsections.pas"/>
        <IsPartOfProject Value="True"/>
      </Unit15>
      <Unit16>
        <Filename Value="..\jes2cpp\j2c.base\jes2cppplatform.pas"/>
        <IsPartOfProject Value="True"/>
      </Unit16>
      <Unit17>
        <Filename Value="..\jes2cpp\j2c.base\jes2cppidentstring.pas"/>
        <IsPartOfProject Value="True"/>
      </Unit17>
      <Unit18>
        <Filename Value="..\jes2cpp\j2c.parser\jes2cppmessagelog.pas"/>
        <IsPartOfProject Value="True"/>
      </Unit18>
      <Unit19>
        <Filename Value="..\jes2cpp\j2c.parser\jes2cppimporter.pas"/>
        <IsPartOfProject Value="True"/>
      </Unit19>
      <Unit20>
        <Filename Value="..\jes2cpp\j2c.parser\jes2cppparseroperator.pas"/>
        <IsPartOfProject Value="True"/>
      </Unit20>
      <Unit21>
        <Filename Value="..\jes2cpp\j2c.parser\jes2cppparserfunctions.pas"/>
        <IsPartOfProject Value="True"/>
      </Unit21>
      <Unit22>
        <Filename Value="..\jes2cpp\j2c.parser\jes2cppparserexpression.pas"/>
        <IsPartOfProject Value="True"/>
      </Unit22>
      <Unit23>
        <Filename Value="..\jes2cpp\j2c.parser\jes2cppparserelements.pas"/>
        <IsPartOfProject Value="True"/>
      </Unit23>
      <Unit24>
        <Filename Value="..\jes2cpp\j2c.parser\jes2cppparser.pas"/>
        <IsPartOfProject Value="True"/>
      </Unit24>
      <Unit25>
        <Filename Value="forms\ujeezdata.pas"/>
        <IsPartOfProject Value="True"/>
        <ComponentName Value="JeezData"/>
        <HasResources Value="True"/>
        <ResourceBaseClass Value="DataModule"/>
      </Unit25>
      <Unit26>
        <Filename Value="forms\ujeezproperties.pas"/>
        <IsPartOfProject Value="True"/>
        <ComponentName Value="JeezProperties"/>
        <HasResources Value="True"/>
        <ResourceBaseClass Value="Form"/>
      </Unit26>
      <Unit27>
        <Filename Value="forms\ujeezsplash.pas"/>
        <IsPartOfProject Value="True"/>
        <ComponentName Value="JeezSplash"/>
        <HasResources Value="True"/>
        <ResourceBaseClass Value="Form"/>
      </Unit27>
      <Unit28>
        <Filename Value="forms\ujeezguieditor.pas"/>
        <IsPartOfProject Value="True"/>
        <ComponentName Value="JeezGuiEditor"/>
        <HasResources Value="True"/>
        <ResourceBaseClass Value="Form"/>
      </Unit28>
      <Unit29>
        <Filename Value="forms\ujeezmessages.pas"/>
        <IsPartOfProject Value="True"/>
        <ComponentName Value="JeezMessages"/>
        <HasResources Value="True"/>
        <ResourceBaseClass Value="Form"/>
      </Unit29>
      <Unit30>
        <Filename Value="forms\ujeezide.pas"/>
        <IsPartOfProject Value="True"/>
        <ComponentName Value="JeezIde"/>
        <HasResources Value="True"/>
        <ResourceBaseClass Value="Form"/>
        <UnitName Value="UJeezIde"/>
      </Unit30>
      <Unit31>
        <Filename Value="utils\jeezresources.pas"/>
        <IsPartOfProject Value="True"/>
      </Unit31>
      <Unit32>
        <Filename Value="utils\jeezinifile.pas"/>
        <IsPartOfProject Value="True"/>
      </Unit32>
      <Unit33>
        <Filename Value="utils\jeeztreeview.pas"/>
        <IsPartOfProject Value="True"/>
      </Unit33>
      <Unit34>
        <Filename Value="utils\jeezsynedit.pas"/>
        <IsPartOfProject Value="True"/>
      </Unit34>
      <Unit35>
        <Filename Value="..\jes2cpp\j2c.base\jes2cpptranslate.pas"/>
        <IsPartOfProject Value="True"/>
      </Unit35>
      <Unit36>
        <Filename Value="..\jes2cpp\j2c.components\jes2cppprocess.pas"/>
        <IsPartOfProject Value="True"/>
      </Unit36>
      <Unit37>
        <Filename Value="..\jes2cpp\j2c.base\jes2cppfilenames.pas"/>
        <IsPartOfProject Value="True"/>
      </Unit37>
      <Unit38>
        <Filename Value="..\jes2cpp\j2c.base\jes2cppeel.pas"/>
        <IsPartOfProject Value="True"/>
      </Unit38>
      <Unit39>
        <Filename Value="..\jes2cpp\j2c.base\jes2cppparameter.pas"/>
        <IsPartOfProject Value="True"/>
      </Unit39>
      <Unit40>
        <Filename Value="..\jes2cpp\j2c.components\jes2cppcompiler.pas"/>
        <IsPartOfProject Value="True"/>
      </Unit40>
      <Unit41>
        <Filename Value="..\jes2cpp\j2c.parser\jes2cppprinter.pas"/>
        <IsPartOfProject Value="True"/>
      </Unit41>
      <Unit42>
        <Filename Value="..\jes2cpp\j2c.components\jes2cppmoduleimporter.pas"/>
        <IsPartOfProject Value="True"/>
      </Unit42>
      <Unit43>
        <Filename Value="..\jes2cpp\j2c.base\jes2cppstrings.pas"/>
        <IsPartOfProject Value="True"/>
      </Unit43>
      <Unit44>
        <Filename Value="utils\jeezlabels.pas"/>
        <IsPartOfProject Value="True"/>
      </Unit44>
      <Unit45>
        <Filename Value="..\jes2cpp\j2c.base\jes2cppiterate.pas"/>
        <IsPartOfProject Value="True"/>
      </Unit45>
      <Unit46>
        <Filename Value="..\jes2cpp\j2c.parser\jes2cppparserloops.pas"/>
        <IsPartOfProject Value="True"/>
      </Unit46>
      <Unit47>
        <Filename Value="..\jes2cpp\j2c.base\jes2cpptoken.pas"/>
        <IsPartOfProject Value="True"/>
      </Unit47>
      <Unit48>
        <Filename Value="..\jes2cpp\j2c.components\jes2cppfunctionidentifiers.pas"/>
        <IsPartOfProject Value="True"/>
      </Unit48>
      <Unit49>
        <Filename Value="..\jes2cpp\j2c.components\jes2cppcomponent.pas"/>
        <IsPartOfProject Value="True"/>
      </Unit49>
    </Units>
  </ProjectOptions>
  <CompilerOptions>
    <Version Value="11"/>
    <PathDelim Value="\"/>
    <Target>
      <Filename Value="..\jeez"/>
    </Target>
    <SearchPaths>
      <IncludeFiles Value="$(ProjOutDir)"/>
      <OtherUnitFiles Value="..\jes2cpp;..\jes2cpp\j2c.parser;..\jes2cpp\j2c.components;..\jes2cpp\j2c.base;forms;utils"/>
      <UnitOutputDirectory Value="lib\$(TargetCPU)-$(TargetOS)"/>
    </SearchPaths>
    <Parsing>
      <SyntaxOptions>
        <IncludeAssertionCode Value="True"/>
      </SyntaxOptions>
    </Parsing>
    <Linking>
      <Debugging>
        <GenerateDebugInfo Value="False"/>
      </Debugging>
      <Options>
        <Win32>
          <GraphicApplication Value="True"/>
        </Win32>
      </Options>
    </Linking>
  </CompilerOptions>
  <Debugging>
    <Exceptions Count="3">
      <Item1>
        <Name Value="EAbort"/>
      </Item1>
      <Item2>
        <Name Value="ECodetoolError"/>
      </Item2>
      <Item3>
        <Name Value="EFOpenError"/>
      </Item3>
    </Exceptions>
  </Debugging>
</CONFIG>
