
Microsoft Visual Studio Solution File, Format Version 11.00
# Visual C++ Express 2010
Project("{8BC9CEB8-8B4A-11D0-8D11-00A0C91BC942}") = "VeST32", "VeST32\VeST32.vcxproj", "{48BDD6C6-CC22-4088-8F06-1C7C462438FA}"
EndProject
Global
	GlobalSection(SolutionConfigurationPlatforms) = preSolution
		Debug|Win32 = Debug|Win32
		Release|Win32 = Release|Win32
	EndGlobalSection
	GlobalSection(ProjectConfigurationPlatforms) = postSolution
		{48BDD6C6-CC22-4088-8F06-1C7C462438FA}.Debug|Win32.ActiveCfg = Debug|Win32
		{48BDD6C6-CC22-4088-8F06-1C7C462438FA}.Debug|Win32.Build.0 = Debug|Win32
		{48BDD6C6-CC22-4088-8F06-1C7C462438FA}.Release|Win32.ActiveCfg = Release|Win32
		{48BDD6C6-CC22-4088-8F06-1C7C462438FA}.Release|Win32.Build.0 = Release|Win32
	EndGlobalSection
	GlobalSection(SolutionProperties) = preSolution
		HideSolutionNode = FALSE
	EndGlobalSection
EndGlobal
