<?xml version="1.0" encoding="utf-8"?>
<Project ToolsVersion="4.0" xmlns="http://schemas.microsoft.com/developer/msbuild/2003">
  <ItemGroup>
    <Filter Include="VST">
      <UniqueIdentifier>{413c1fbb-2b1f-401e-a24b-963875795efe}</UniqueIdentifier>
    </Filter>
    <Filter Include="VSTGUI">
      <UniqueIdentifier>{54fcc7f6-14fb-4d5e-a457-fa8f537ef1eb}</UniqueIdentifier>
    </Filter>
    <Filter Include="Resource Files">
      <UniqueIdentifier>{67DA6AB6-F800-4c08-8B7A-83BB121AAD01}</UniqueIdentifier>
      <Extensions>rc;ico;cur;bmp;dlg;rc2;rct;bin;rgs;gif;jpg;jpeg;jpe;resx;tiff;tif;png;wav;mfcribbon-ms</Extensions>
    </Filter>
  </ItemGroup>
  <ItemGroup>
    <ClCompile Include="..\..\VST3 SDK\vstgui.sf\vstgui\aeffguieditor.cpp">
      <Filter>VSTGUI</Filter>
    </ClCompile>
    <ClCompile Include="..\..\VST3 SDK\vstgui.sf\vstgui\cdatabrowser.cpp">
      <Filter>VSTGUI</Filter>
    </ClCompile>
    <ClCompile Include="..\..\VST3 SDK\vstgui.sf\vstgui\cfileselector.cpp">
      <Filter>VSTGUI</Filter>
    </ClCompile>
    <ClCompile Include="..\..\VST3 SDK\vstgui.sf\vstgui\cscrollview.cpp">
      <Filter>VSTGUI</Filter>
    </ClCompile>
    <ClCompile Include="..\..\VST3 SDK\vstgui.sf\vstgui\ctabview.cpp">
      <Filter>VSTGUI</Filter>
    </ClCompile>
    <ClCompile Include="..\..\VST3 SDK\vstgui.sf\vstgui\cvstguitimer.cpp">
      <Filter>VSTGUI</Filter>
    </ClCompile>
    <ClCompile Include="..\..\VST3 SDK\vstgui.sf\vstgui\plugguieditor.cpp">
      <Filter>VSTGUI</Filter>
    </ClCompile>
    <ClCompile Include="..\..\VST3 SDK\vstgui.sf\vstgui\vstcontrols.cpp">
      <Filter>VSTGUI</Filter>
    </ClCompile>
    <ClCompile Include="..\..\VST3 SDK\vstgui.sf\vstgui\vstgui.cpp">
      <Filter>VSTGUI</Filter>
    </ClCompile>
    <ClCompile Include="..\..\VST3 SDK\vstgui.sf\vstgui\vstguidebug.cpp">
      <Filter>VSTGUI</Filter>
    </ClCompile>
    <ClCompile Include="..\..\VST3 SDK\vstgui.sf\vstgui\winfileselector.cpp">
      <Filter>VSTGUI</Filter>
    </ClCompile>
    <ClCompile Include="..\..\VST3 SDK\public.sdk\source\vst2.x\audioeffectx.cpp">
      <Filter>VST</Filter>
    </ClCompile>
    <ClCompile Include="..\..\VST3 SDK\public.sdk\source\vst2.x\audioeffect.cpp">
      <Filter>VST</Filter>
    </ClCompile>
    <ClCompile Include="..\..\vest.cpp" />
  </ItemGroup>
  <ItemGroup>
    <None Include="..\readme.txt" />
  </ItemGroup>
  <ItemGroup>
    <ClInclude Include="..\..\vest.h" />
  </ItemGroup>
</Project>